# THIS IS AN AUTOGENERATED FILE. DO NOT EDIT THIS FILE DIRECTLY.
# yarn lockfile v1


chrome-types@^0.1.267:
  version "0.1.267"
  resolved "https://ramseysolutions.jfrog.io/artifactory/api/npm/npm/chrome-types/-/chrome-types-0.1.267.tgz#f5f8f71aa1ef0adafc0fff2f17d6cca980722de8"
  integrity sha512-13iihWFu1TXbv45wws/LlMTYpjP5yRttJtmAYi850ugM7W+C80M8kBZ8K3W0BdG5oA0bALNy0VMGLgh97COXWg==
